
Microsoft Visual Studio Solution File, Format Version 12.00
# Visual Studio 15
VisualStudioVersion = 15.0.26730.12
MinimumVisualStudioVersion = 10.0.40219.1
Project("{9A19103F-16F7-4668-BE54-9A1E7A4F7556}") = "Payment.Service", "Payment.Service\Payment.Service.csproj", "{0C4DD1D1-583E-4352-87C3-E3FDD54B25B3}"
EndProject
Project("{9A19103F-16F7-4668-BE54-9A1E7A4F7556}") = "Payment.Model", "Payment.Model\Payment.Model.csproj", "{139B591F-FBB0-4D9F-A663-ADEEB8BE4ED8}"
EndProject
Project("{FAE04EC0-301F-11D3-BF4B-00C04F79EFBC}") = "Shared.Payment.Contracts", "Shared.Payment.Contracts\Shared.Payment.Contracts.csproj", "{62E458CB-6132-417E-80BE-530F87DEBD68}"
EndProject
Global
	GlobalSection(SolutionConfigurationPlatforms) = preSolution
		Debug|Any CPU = Debug|Any CPU
		Release|Any CPU = Release|Any CPU
	EndGlobalSection
	GlobalSection(ProjectConfigurationPlatforms) = postSolution
		{0C4DD1D1-583E-4352-87C3-E3FDD54B25B3}.Debug|Any CPU.ActiveCfg = Debug|Any CPU
		{0C4DD1D1-583E-4352-87C3-E3FDD54B25B3}.Debug|Any CPU.Build.0 = Debug|Any CPU
		{0C4DD1D1-583E-4352-87C3-E3FDD54B25B3}.Release|Any CPU.ActiveCfg = Release|Any CPU
		{0C4DD1D1-583E-4352-87C3-E3FDD54B25B3}.Release|Any CPU.Build.0 = Release|Any CPU
		{139B591F-FBB0-4D9F-A663-ADEEB8BE4ED8}.Debug|Any CPU.ActiveCfg = Debug|Any CPU
		{139B591F-FBB0-4D9F-A663-ADEEB8BE4ED8}.Debug|Any CPU.Build.0 = Debug|Any CPU
		{139B591F-FBB0-4D9F-A663-ADEEB8BE4ED8}.Release|Any CPU.ActiveCfg = Release|Any CPU
		{139B591F-FBB0-4D9F-A663-ADEEB8BE4ED8}.Release|Any CPU.Build.0 = Release|Any CPU
		{62E458CB-6132-417E-80BE-530F87DEBD68}.Debug|Any CPU.ActiveCfg = Debug|Any CPU
		{62E458CB-6132-417E-80BE-530F87DEBD68}.Debug|Any CPU.Build.0 = Debug|Any CPU
		{62E458CB-6132-417E-80BE-530F87DEBD68}.Release|Any CPU.ActiveCfg = Release|Any CPU
		{62E458CB-6132-417E-80BE-530F87DEBD68}.Release|Any CPU.Build.0 = Release|Any CPU
	EndGlobalSection
	GlobalSection(SolutionProperties) = preSolution
		HideSolutionNode = FALSE
	EndGlobalSection
	GlobalSection(ExtensibilityGlobals) = postSolution
		SolutionGuid = {B40092DC-CD2A-493E-933B-4946C7AC91A0}
	EndGlobalSection
EndGlobal
